
Microsoft Visual Studio Solution File, Format Version 12.00
# Visual Studio 14
VisualStudioVersion = 14.0.25123.0
MinimumVisualStudioVersion = 10.0.40219.1
Project("{FAE04EC0-301F-11D3-BF4B-00C04F79EFBC}") = "1TDD_string_calc_kata", "1TDD_string_calc_kata\1TDD_string_calc_kata.csproj", "{6CC3CDF3-CC9B-4643-8A80-7E7FA6387519}"
EndProject
Project("{FAE04EC0-301F-11D3-BF4B-00C04F79EFBC}") = "1TDD_string_calc_kataTest", "1TDD_string_calc_kataTest\1TDD_string_calc_kataTest.csproj", "{9E006157-58F1-4F90-9001-370B29778A23}"
EndProject
Global
	GlobalSection(SolutionConfigurationPlatforms) = preSolution
		Debug|Any CPU = Debug|Any CPU
		Release|Any CPU = Release|Any CPU
	EndGlobalSection
	GlobalSection(ProjectConfigurationPlatforms) = postSolution
		{6CC3CDF3-CC9B-4643-8A80-7E7FA6387519}.Debug|Any CPU.ActiveCfg = Debug|Any CPU
		{6CC3CDF3-CC9B-4643-8A80-7E7FA6387519}.Debug|Any CPU.Build.0 = Debug|Any CPU
		{6CC3CDF3-CC9B-4643-8A80-7E7FA6387519}.Release|Any CPU.ActiveCfg = Release|Any CPU
		{6CC3CDF3-CC9B-4643-8A80-7E7FA6387519}.Release|Any CPU.Build.0 = Release|Any CPU
		{9E006157-58F1-4F90-9001-370B29778A23}.Debug|Any CPU.ActiveCfg = Debug|Any CPU
		{9E006157-58F1-4F90-9001-370B29778A23}.Debug|Any CPU.Build.0 = Debug|Any CPU
		{9E006157-58F1-4F90-9001-370B29778A23}.Release|Any CPU.ActiveCfg = Release|Any CPU
		{9E006157-58F1-4F90-9001-370B29778A23}.Release|Any CPU.Build.0 = Release|Any CPU
	EndGlobalSection
	GlobalSection(SolutionProperties) = preSolution
		HideSolutionNode = FALSE
	EndGlobalSection
EndGlobal
